
Microsoft Visual Studio Solution File, Format Version 12.00
# Visual Studio Version 16
VisualStudioVersion = 16.0.30611.23
MinimumVisualStudioVersion = 10.0.40219.1
Project("{FAE04EC0-301F-11D3-BF4B-00C04F79EFBC}") = "Operacion", "Operacion\Operacion.csproj", "{23093E97-84CC-4B0F-AE6C-C8C36DC302B1}"
EndProject
Global
	GlobalSection(SolutionConfigurationPlatforms) = preSolution
		Debug|Any CPU = Debug|Any CPU
		Release|Any CPU = Release|Any CPU
	EndGlobalSection
	GlobalSection(ProjectConfigurationPlatforms) = postSolution
		{23093E97-84CC-4B0F-AE6C-C8C36DC302B1}.Debug|Any CPU.ActiveCfg = Debug|Any CPU
		{23093E97-84CC-4B0F-AE6C-C8C36DC302B1}.Debug|Any CPU.Build.0 = Debug|Any CPU
		{23093E97-84CC-4B0F-AE6C-C8C36DC302B1}.Release|Any CPU.ActiveCfg = Release|Any CPU
		{23093E97-84CC-4B0F-AE6C-C8C36DC302B1}.Release|Any CPU.Build.0 = Release|Any CPU
	EndGlobalSection
	GlobalSection(SolutionProperties) = preSolution
		HideSolutionNode = FALSE
	EndGlobalSection
	GlobalSection(ExtensibilityGlobals) = postSolution
		SolutionGuid = {54A08B3C-C9AE-4AE5-B631-764714B512B0}
	EndGlobalSection
EndGlobal
